// !$*UTF8*$!
{
	archiveVersion = 1;
	classes = {
	};
	objectVersion = 51;
	objects = {

/* Begin PBXBuildFile section */
		4B351B8A2589FD81006FB383 /* AppDelegate.swift in Sources */ = {isa = PBXBuildFile; fileRef = 4B351B892589FD81006FB383 /* AppDelegate.swift */; };
		4B351B8C2589FD81006FB383 /* SceneDelegate.swift in Sources */ = {isa = PBXBuildFile; fileRef = 4B351B8B2589FD81006FB383 /* SceneDelegate.swift */; };
		4B351B912589FD81006FB383 /* Main.storyboard in Resources */ = {isa = PBXBuildFile; fileRef = 4B351B8F2589FD81006FB383 /* Main.storyboard */; };
		4B351B932589FD85006FB383 /* Assets.xcassets in Resources */ = {isa = PBXBuildFile; fileRef = 4B351B922589FD85006FB383 /* Assets.xcassets */; };
		4B351B962589FD85006FB383 /* LaunchScreen.storyboard in Resources */ = {isa = PBXBuildFile; fileRef = 4B351B942589FD85006FB383 /* LaunchScreen.storyboard */; };
		4B351B9F2589FF5B006FB383 /* HomeViewController.swift in Sources */ = {isa = PBXBuildFile; fileRef = 4B351B9D2589FF5B006FB383 /* HomeViewController.swift */; };
		4B351BA02589FF5B006FB383 /* HomeViewController.xib in Resources */ = {isa = PBXBuildFile; fileRef = 4B351B9E2589FF5B006FB383 /* HomeViewController.xib */; };
		4B351BA5258A0010006FB383 /* StrokeListViewController.swift in Sources */ = {isa = PBXBuildFile; fileRef = 4B351BA3258A0010006FB383 /* StrokeListViewController.swift */; };
		4B351BA6258A0010006FB383 /* StrokeListViewController.xib in Resources */ = {isa = PBXBuildFile; fileRef = 4B351BA4258A0010006FB383 /* StrokeListViewController.xib */; };
		4B351BA8258A148E006FB383 /* StrokeFotuneResult.swift in Sources */ = {isa = PBXBuildFile; fileRef = 4B351BA7258A148E006FB383 /* StrokeFotuneResult.swift */; };
		4B5C04B1258BB686008047EB /* fortune.csv in Resources */ = {isa = PBXBuildFile; fileRef = 4B5C04B0258BB686008047EB /* fortune.csv */; };
		4B5C04B3258BB85C008047EB /* StrokeFortuneData.swift in Sources */ = {isa = PBXBuildFile; fileRef = 4B5C04B2258BB85C008047EB /* StrokeFortuneData.swift */; };
		4B5DE5DB258F3FC800F7B0A4 /* extension.swift in Sources */ = {isa = PBXBuildFile; fileRef = 4B5DE5DA258F3FC800F7B0A4 /* extension.swift */; };
		4B5FB12E2596D09300B55574 /* StrokeListTableViewCell.swift in Sources */ = {isa = PBXBuildFile; fileRef = 4B5FB12C2596D09300B55574 /* StrokeListTableViewCell.swift */; };
		4B5FB12F2596D09300B55574 /* StrokeListTableViewCell.xib in Resources */ = {isa = PBXBuildFile; fileRef = 4B5FB12D2596D09300B55574 /* StrokeListTableViewCell.xib */; };
		4B5FB1342596E6E600B55574 /* StrokeDetailViewController.swift in Sources */ = {isa = PBXBuildFile; fileRef = 4B5FB1322596E6E600B55574 /* StrokeDetailViewController.swift */; };
		4B5FB1352596E6E600B55574 /* StrokeDetailViewController.xib in Resources */ = {isa = PBXBuildFile; fileRef = 4B5FB1332596E6E600B55574 /* StrokeDetailViewController.xib */; };
		4B64981E258C372800636B12 /* fortune2.csv in Resources */ = {isa = PBXBuildFile; fileRef = 4B64981D258C372800636B12 /* fortune2.csv */; };
		4B895E5E258D9EF8005D88D1 /* ResultViewController.swift in Sources */ = {isa = PBXBuildFile; fileRef = 4B895E5C258D9EF8005D88D1 /* ResultViewController.swift */; };
		4B895E5F258D9EF8005D88D1 /* ResultViewController.xib in Resources */ = {isa = PBXBuildFile; fileRef = 4B895E5D258D9EF8005D88D1 /* ResultViewController.xib */; };
		4BF225D52593936A00F2AD8F /* Stroke.swift in Sources */ = {isa = PBXBuildFile; fileRef = 4BF225D42593936A00F2AD8F /* Stroke.swift */; };
		D01130D7FA0800673460F410 /* Pods_strokeCountApp.framework in Frameworks */ = {isa = PBXBuildFile; fileRef = 7A56A47FCA033A1553982AB2 /* Pods_strokeCountApp.framework */; };
/* End PBXBuildFile section */

/* Begin PBXFileReference section */
		398A64175CA95F2C053408C1 /* Pods-strokeCountApp.debug.xcconfig */ = {isa = PBXFileReference; includeInIndex = 1; lastKnownFileType = text.xcconfig; name = "Pods-strokeCountApp.debug.xcconfig"; path = "Target Support Files/Pods-strokeCountApp/Pods-strokeCountApp.debug.xcconfig"; sourceTree = "<group>"; };
		4B351B862589FD81006FB383 /* strokeCountApp.app */ = {isa = PBXFileReference; explicitFileType = wrapper.application; includeInIndex = 0; path = strokeCountApp.app; sourceTree = BUILT_PRODUCTS_DIR; };
		4B351B892589FD81006FB383 /* AppDelegate.swift */ = {isa = PBXFileReference; lastKnownFileType = sourcecode.swift; path = AppDelegate.swift; sourceTree = "<group>"; };
		4B351B8B2589FD81006FB383 /* SceneDelegate.swift */ = {isa = PBXFileReference; lastKnownFileType = sourcecode.swift; path = SceneDelegate.swift; sourceTree = "<group>"; };
		4B351B902589FD81006FB383 /* Base */ = {isa = PBXFileReference; lastKnownFileType = file.storyboard; name = Base; path = Base.lproj/Main.storyboard; sourceTree = "<group>"; };
		4B351B922589FD85006FB383 /* Assets.xcassets */ = {isa = PBXFileReference; lastKnownFileType = folder.assetcatalog; path = Assets.xcassets; sourceTree = "<group>"; };
		4B351B952589FD85006FB383 /* Base */ = {isa = PBXFileReference; lastKnownFileType = file.storyboard; name = Base; path = Base.lproj/LaunchScreen.storyboard; sourceTree = "<group>"; };
		4B351B972589FD85006FB383 /* Info.plist */ = {isa = PBXFileReference; lastKnownFileType = text.plist.xml; path = Info.plist; sourceTree = "<group>"; };
		4B351B9D2589FF5B006FB383 /* HomeViewController.swift */ = {isa = PBXFileReference; lastKnownFileType = sourcecode.swift; path = HomeViewController.swift; sourceTree = "<group>"; };
		4B351B9E2589FF5B006FB383 /* HomeViewController.xib */ = {isa = PBXFileReference; lastKnownFileType = file.xib; path = HomeViewController.xib; sourceTree = "<group>"; };
		4B351BA3258A0010006FB383 /* StrokeListViewController.swift */ = {isa = PBXFileReference; lastKnownFileType = sourcecode.swift; path = StrokeListViewController.swift; sourceTree = "<group>"; };
		4B351BA4258A0010006FB383 /* StrokeListViewController.xib */ = {isa = PBXFileReference; lastKnownFileType = file.xib; path = StrokeListViewController.xib; sourceTree = "<group>"; };
		4B351BA7258A148E006FB383 /* StrokeFotuneResult.swift */ = {isa = PBXFileReference; lastKnownFileType = sourcecode.swift; path = StrokeFotuneResult.swift; sourceTree = "<group>"; };
		4B5C04B0258BB686008047EB /* fortune.csv */ = {isa = PBXFileReference; fileEncoding = 4; lastKnownFileType = text; name = fortune.csv; path = ../../../fortune.csv; sourceTree = "<group>"; };
		4B5C04B2258BB85C008047EB /* StrokeFortuneData.swift */ = {isa = PBXFileReference; lastKnownFileType = sourcecode.swift; path = StrokeFortuneData.swift; sourceTree = "<group>"; };
		4B5DE5DA258F3FC800F7B0A4 /* extension.swift */ = {isa = PBXFileReference; lastKnownFileType = sourcecode.swift; path = extension.swift; sourceTree = "<group>"; };
		4B5FB12C2596D09300B55574 /* StrokeListTableViewCell.swift */ = {isa = PBXFileReference; lastKnownFileType = sourcecode.swift; path = StrokeListTableViewCell.swift; sourceTree = "<group>"; };
		4B5FB12D2596D09300B55574 /* StrokeListTableViewCell.xib */ = {isa = PBXFileReference; lastKnownFileType = file.xib; path = StrokeListTableViewCell.xib; sourceTree = "<group>"; };
		4B5FB1322596E6E600B55574 /* StrokeDetailViewController.swift */ = {isa = PBXFileReference; lastKnownFileType = sourcecode.swift; path = StrokeDetailViewController.swift; sourceTree = "<group>"; };
		4B5FB1332596E6E600B55574 /* StrokeDetailViewController.xib */ = {isa = PBXFileReference; lastKnownFileType = file.xib; path = StrokeDetailViewController.xib; sourceTree = "<group>"; };
		4B64981D258C372800636B12 /* fortune2.csv */ = {isa = PBXFileReference; fileEncoding = 4; lastKnownFileType = text; name = fortune2.csv; path = ../../../fortune2.csv; sourceTree = "<group>"; };
		4B895E5C258D9EF8005D88D1 /* ResultViewController.swift */ = {isa = PBXFileReference; lastKnownFileType = sourcecode.swift; path = ResultViewController.swift; sourceTree = "<group>"; };
		4B895E5D258D9EF8005D88D1 /* ResultViewController.xib */ = {isa = PBXFileReference; lastKnownFileType = file.xib; path = ResultViewController.xib; sourceTree = "<group>"; };
		4BF225D42593936A00F2AD8F /* Stroke.swift */ = {isa = PBXFileReference; lastKnownFileType = sourcecode.swift; path = Stroke.swift; sourceTree = "<group>"; };
		7A56A47FCA033A1553982AB2 /* Pods_strokeCountApp.framework */ = {isa = PBXFileReference; explicitFileType = wrapper.framework; includeInIndex = 0; path = Pods_strokeCountApp.framework; sourceTree = BUILT_PRODUCTS_DIR; };
		837B71D10404A02669B32004 /* Pods-strokeCountApp.release.xcconfig */ = {isa = PBXFileReference; includeInIndex = 1; lastKnownFileType = text.xcconfig; name = "Pods-strokeCountApp.release.xcconfig"; path = "Target Support Files/Pods-strokeCountApp/Pods-strokeCountApp.release.xcconfig"; sourceTree = "<group>"; };
/* End PBXFileReference section */

/* Begin PBXFrameworksBuildPhase section */
		4B351B832589FD81006FB383 /* Frameworks */ = {
			isa = PBXFrameworksBuildPhase;
			buildActionMask = 2147483647;
			files = (
				D01130D7FA0800673460F410 /* Pods_strokeCountApp.framework in Frameworks */,
			);
			runOnlyForDeploymentPostprocessing = 0;
		};
/* End PBXFrameworksBuildPhase section */

/* Begin PBXGroup section */
		352C928F00EAF01F1CAB8835 /* Frameworks */ = {
			isa = PBXGroup;
			children = (
				7A56A47FCA033A1553982AB2 /* Pods_strokeCountApp.framework */,
			);
			name = Frameworks;
			sourceTree = "<group>";
		};
		47202448EE086E6FA659AED0 /* Pods */ = {
			isa = PBXGroup;
			children = (
				398A64175CA95F2C053408C1 /* Pods-strokeCountApp.debug.xcconfig */,
				837B71D10404A02669B32004 /* Pods-strokeCountApp.release.xcconfig */,
			);
			path = Pods;
			sourceTree = "<group>";
		};
		4B351B7D2589FD81006FB383 = {
			isa = PBXGroup;
			children = (
				4B351B882589FD81006FB383 /* strokeCountApp */,
				4B351B872589FD81006FB383 /* Products */,
				47202448EE086E6FA659AED0 /* Pods */,
				352C928F00EAF01F1CAB8835 /* Frameworks */,
			);
			sourceTree = "<group>";
		};
		4B351B872589FD81006FB383 /* Products */ = {
			isa = PBXGroup;
			children = (
				4B351B862589FD81006FB383 /* strokeCountApp.app */,
			);
			name = Products;
			sourceTree = "<group>";
		};
		4B351B882589FD81006FB383 /* strokeCountApp */ = {
			isa = PBXGroup;
			children = (
				4B351B892589FD81006FB383 /* AppDelegate.swift */,
				4B351B8B2589FD81006FB383 /* SceneDelegate.swift */,
				4B351B8F2589FD81006FB383 /* Main.storyboard */,
				4B5C04B0258BB686008047EB /* fortune.csv */,
				4B64981D258C372800636B12 /* fortune2.csv */,
				4B5DE5DA258F3FC800F7B0A4 /* extension.swift */,
				4B5FB1302596D09D00B55574 /* View */,
				4BF225D32593923900F2AD8F /* Model */,
				4B351BA12589FFCF006FB383 /* ViewController */,
				4B351B922589FD85006FB383 /* Assets.xcassets */,
				4B351B942589FD85006FB383 /* LaunchScreen.storyboard */,
				4B351B972589FD85006FB383 /* Info.plist */,
			);
			path = strokeCountApp;
			sourceTree = "<group>";
		};
		4B351BA12589FFCF006FB383 /* ViewController */ = {
			isa = PBXGroup;
			children = (
				4B351BA22589FFDB006FB383 /* Home */,
				4B895E60258D9F00005D88D1 /* Result */,
				4B895E61258DA484005D88D1 /* StrokeLog */,
				4B5FB1362596E6F500B55574 /* Detail */,
			);
			path = ViewController;
			sourceTree = "<group>";
		};
		4B351BA22589FFDB006FB383 /* Home */ = {
			isa = PBXGroup;
			children = (
				4B351B9D2589FF5B006FB383 /* HomeViewController.swift */,
				4B351B9E2589FF5B006FB383 /* HomeViewController.xib */,
			);
			path = Home;
			sourceTree = "<group>";
		};
		4B5FB1302596D09D00B55574 /* View */ = {
			isa = PBXGroup;
			children = (
				4B5FB1312596D0AD00B55574 /* StrokeList */,
			);
			path = View;
			sourceTree = "<group>";
		};
		4B5FB1312596D0AD00B55574 /* StrokeList */ = {
			isa = PBXGroup;
			children = (
				4B5FB12C2596D09300B55574 /* StrokeListTableViewCell.swift */,
				4B5FB12D2596D09300B55574 /* StrokeListTableViewCell.xib */,
			);
			path = StrokeList;
			sourceTree = "<group>";
		};
		4B5FB1362596E6F500B55574 /* Detail */ = {
			isa = PBXGroup;
			children = (
				4B5FB1322596E6E600B55574 /* StrokeDetailViewController.swift */,
				4B5FB1332596E6E600B55574 /* StrokeDetailViewController.xib */,
			);
			path = Detail;
			sourceTree = "<group>";
		};
		4B895E60258D9F00005D88D1 /* Result */ = {
			isa = PBXGroup;
			children = (
				4B895E5C258D9EF8005D88D1 /* ResultViewController.swift */,
				4B895E5D258D9EF8005D88D1 /* ResultViewController.xib */,
			);
			path = Result;
			sourceTree = "<group>";
		};
		4B895E61258DA484005D88D1 /* StrokeLog */ = {
			isa = PBXGroup;
			children = (
				4B351BA3258A0010006FB383 /* StrokeListViewController.swift */,
				4B351BA4258A0010006FB383 /* StrokeListViewController.xib */,
			);
			path = StrokeLog;
			sourceTree = "<group>";
		};
		4BF225D32593923900F2AD8F /* Model */ = {
			isa = PBXGroup;
			children = (
				4B5C04B2258BB85C008047EB /* StrokeFortuneData.swift */,
				4B351BA7258A148E006FB383 /* StrokeFotuneResult.swift */,
				4BF225D42593936A00F2AD8F /* Stroke.swift */,
			);
			path = Model;
			sourceTree = "<group>";
		};
/* End PBXGroup section */

/* Begin PBXNativeTarget section */
		4B351B852589FD81006FB383 /* strokeCountApp */ = {
			isa = PBXNativeTarget;
			buildConfigurationList = 4B351B9A2589FD85006FB383 /* Build configuration list for PBXNativeTarget "strokeCountApp" */;
			buildPhases = (
				438E829D331D333EDF894923 /* [CP] Check Pods Manifest.lock */,
				4B351B822589FD81006FB383 /* Sources */,
				4B351B832589FD81006FB383 /* Frameworks */,
				4B351B842589FD81006FB383 /* Resources */,
				DB38A722BE6542C003EF38C0 /* [CP] Embed Pods Frameworks */,
			);
			buildRules = (
			);
			dependencies = (
			);
			name = strokeCountApp;
			productName = strokeCountApp;
			productReference = 4B351B862589FD81006FB383 /* strokeCountApp.app */;
			productType = "com.apple.product-type.application";
		};
/* End PBXNativeTarget section */

/* Begin PBXProject section */
		4B351B7E2589FD81006FB383 /* Project object */ = {
			isa = PBXProject;
			attributes = {
				LastSwiftUpdateCheck = 1140;
				LastUpgradeCheck = 1140;
				ORGANIZATIONNAME = nararyo;
				TargetAttributes = {
					4B351B852589FD81006FB383 = {
						CreatedOnToolsVersion = 11.4;
					};
				};
			};
			buildConfigurationList = 4B351B812589FD81006FB383 /* Build configuration list for PBXProject "strokeCountApp" */;
			compatibilityVersion = "Xcode 9.3";
			developmentRegion = en;
			hasScannedForEncodings = 0;
			knownRegions = (
				en,
				Base,
			);
			mainGroup = 4B351B7D2589FD81006FB383;
			productRefGroup = 4B351B872589FD81006FB383 /* Products */;
			projectDirPath = "";
			projectRoot = "";
			targets = (
				4B351B852589FD81006FB383 /* strokeCountApp */,
			);
		};
/* End PBXProject section */

/* Begin PBXResourcesBuildPhase section */
		4B351B842589FD81006FB383 /* Resources */ = {
			isa = PBXResourcesBuildPhase;
			buildActionMask = 2147483647;
			files = (
				4B351B962589FD85006FB383 /* LaunchScreen.storyboard in Resources */,
				4B5FB1352596E6E600B55574 /* StrokeDetailViewController.xib in Resources */,
				4B351B932589FD85006FB383 /* Assets.xcassets in Resources */,
				4B5FB12F2596D09300B55574 /* StrokeListTableViewCell.xib in Resources */,
				4B64981E258C372800636B12 /* fortune2.csv in Resources */,
				4B351B912589FD81006FB383 /* Main.storyboard in Resources */,
				4B351BA02589FF5B006FB383 /* HomeViewController.xib in Resources */,
				4B5C04B1258BB686008047EB /* fortune.csv in Resources */,
				4B351BA6258A0010006FB383 /* StrokeListViewController.xib in Resources */,
				4B895E5F258D9EF8005D88D1 /* ResultViewController.xib in Resources */,
			);
			runOnlyForDeploymentPostprocessing = 0;
		};
/* End PBXResourcesBuildPhase section */

/* Begin PBXShellScriptBuildPhase section */
		438E829D331D333EDF894923 /* [CP] Check Pods Manifest.lock */ = {
			isa = PBXShellScriptBuildPhase;
			buildActionMask = 2147483647;
			files = (
			);
			inputFileListPaths = (
			);
			inputPaths = (
				"${PODS_PODFILE_DIR_PATH}/Podfile.lock",
				"${PODS_ROOT}/Manifest.lock",
			);
			name = "[CP] Check Pods Manifest.lock";
			outputFileListPaths = (
			);
			outputPaths = (
				"$(DERIVED_FILE_DIR)/Pods-strokeCountApp-checkManifestLockResult.txt",
			);
			runOnlyForDeploymentPostprocessing = 0;
			shellPath = /bin/sh;
			shellScript = "diff \"${PODS_PODFILE_DIR_PATH}/Podfile.lock\" \"${PODS_ROOT}/Manifest.lock\" > /dev/null\nif [ $? != 0 ] ; then\n    # print error to STDERR\n    echo \"error: The sandbox is not in sync with the Podfile.lock. Run 'pod install' or update your CocoaPods installation.\" >&2\n    exit 1\nfi\n# This output is used by Xcode 'outputs' to avoid re-running this script phase.\necho \"SUCCESS\" > \"${SCRIPT_OUTPUT_FILE_0}\"\n";
			showEnvVarsInLog = 0;
		};
		DB38A722BE6542C003EF38C0 /* [CP] Embed Pods Frameworks */ = {
			isa = PBXShellScriptBuildPhase;
			buildActionMask = 2147483647;
			files = (
			);
			inputFileListPaths = (
				"${PODS_ROOT}/Target Support Files/Pods-strokeCountApp/Pods-strokeCountApp-frameworks-${CONFIGURATION}-input-files.xcfilelist",
			);
			name = "[CP] Embed Pods Frameworks";
			outputFileListPaths = (
				"${PODS_ROOT}/Target Support Files/Pods-strokeCountApp/Pods-strokeCountApp-frameworks-${CONFIGURATION}-output-files.xcfilelist",
			);
			runOnlyForDeploymentPostprocessing = 0;
			shellPath = /bin/sh;
			shellScript = "\"${PODS_ROOT}/Target Support Files/Pods-strokeCountApp/Pods-strokeCountApp-frameworks.sh\"\n";
			showEnvVarsInLog = 0;
		};
/* End PBXShellScriptBuildPhase section */

/* Begin PBXSourcesBuildPhase section */
		4B351B822589FD81006FB383 /* Sources */ = {
			isa = PBXSourcesBuildPhase;
			buildActionMask = 2147483647;
			files = (
				4B351B8A2589FD81006FB383 /* AppDelegate.swift in Sources */,
				4B351BA8258A148E006FB383 /* StrokeFotuneResult.swift in Sources */,
				4B895E5E258D9EF8005D88D1 /* ResultViewController.swift in Sources */,
				4B5FB12E2596D09300B55574 /* StrokeListTableViewCell.swift in Sources */,
				4B5C04B3258BB85C008047EB /* StrokeFortuneData.swift in Sources */,
				4B5FB1342596E6E600B55574 /* StrokeDetailViewController.swift in Sources */,
				4B351B8C2589FD81006FB383 /* SceneDelegate.swift in Sources */,
				4BF225D52593936A00F2AD8F /* Stroke.swift in Sources */,
				4B351BA5258A0010006FB383 /* StrokeListViewController.swift in Sources */,
				4B351B9F2589FF5B006FB383 /* HomeViewController.swift in Sources */,
				4B5DE5DB258F3FC800F7B0A4 /* extension.swift in Sources */,
			);
			runOnlyForDeploymentPostprocessing = 0;
		};
/* End PBXSourcesBuildPhase section */

/* Begin PBXVariantGroup section */
		4B351B8F2589FD81006FB383 /* Main.storyboard */ = {
			isa = PBXVariantGroup;
			children = (
				4B351B902589FD81006FB383 /* Base */,
			);
			name = Main.storyboard;
			sourceTree = "<group>";
		};
		4B351B942589FD85006FB383 /* LaunchScreen.storyboard */ = {
			isa = PBXVariantGroup;
			children = (
				4B351B952589FD85006FB383 /* Base */,
			);
			name = LaunchScreen.storyboard;
			sourceTree = "<group>";
		};
/* End PBXVariantGroup section */

/* Begin XCBuildConfiguration section */
		4B351B982589FD85006FB383 /* Debug */ = {
			isa = XCBuildConfiguration;
			buildSettings = {
				ALWAYS_SEARCH_USER_PATHS = NO;
				CLANG_ANALYZER_NONNULL = YES;
				CLANG_ANALYZER_NUMBER_OBJECT_CONVERSION = YES_AGGRESSIVE;
				CLANG_CXX_LANGUAGE_STANDARD = "gnu++14";
				CLANG_CXX_LIBRARY = "libc++";
				CLANG_ENABLE_MODULES = YES;
				CLANG_ENABLE_OBJC_ARC = YES;
				CLANG_ENABLE_OBJC_WEAK = YES;
				CLANG_WARN_BLOCK_CAPTURE_AUTORELEASING = YES;
				CLANG_WARN_BOOL_CONVERSION = YES;
				CLANG_WARN_COMMA = YES;
				CLANG_WARN_CONSTANT_CONVERSION = YES;
				CLANG_WARN_DEPRECATED_OBJC_IMPLEMENTATIONS = YES;
				CLANG_WARN_DIRECT_OBJC_ISA_USAGE = YES_ERROR;
				CLANG_WARN_DOCUMENTATION_COMMENTS = YES;
				CLANG_WARN_EMPTY_BODY = YES;
				CLANG_WARN_ENUM_CONVERSION = YES;
				CLANG_WARN_INFINITE_RECURSION = YES;
				CLANG_WARN_INT_CONVERSION = YES;
				CLANG_WARN_NON_LITERAL_NULL_CONVERSION = YES;
				CLANG_WARN_OBJC_IMPLICIT_RETAIN_SELF = YES;
				CLANG_WARN_OBJC_LITERAL_CONVERSION = YES;
				CLANG_WARN_OBJC_ROOT_CLASS = YES_ERROR;
				CLANG_WARN_RANGE_LOOP_ANALYSIS = YES;
				CLANG_WARN_STRICT_PROTOTYPES = YES;
				CLANG_WARN_SUSPICIOUS_MOVE = YES;
				CLANG_WARN_UNGUARDED_AVAILABILITY = YES_AGGRESSIVE;
				CLANG_WARN_UNREACHABLE_CODE = YES;
				CLANG_WARN__DUPLICATE_METHOD_MATCH = YES;
				COPY_PHASE_STRIP = NO;
				DEBUG_INFORMATION_FORMAT = dwarf;
				ENABLE_STRICT_OBJC_MSGSEND = YES;
				ENABLE_TESTABILITY = YES;
				GCC_C_LANGUAGE_STANDARD = gnu11;
				GCC_DYNAMIC_NO_PIC = NO;
				GCC_NO_COMMON_BLOCKS = YES;
				GCC_OPTIMIZATION_LEVEL = 0;
				GCC_PREPROCESSOR_DEFINITIONS = (
					"DEBUG=1",
					"$(inherited)",
				);
				GCC_WARN_64_TO_32_BIT_CONVERSION = YES;
				GCC_WARN_ABOUT_RETURN_TYPE = YES_ERROR;
				GCC_WARN_UNDECLARED_SELECTOR = YES;
				GCC_WARN_UNINITIALIZED_AUTOS = YES_AGGRESSIVE;
				GCC_WARN_UNUSED_FUNCTION = YES;
				GCC_WARN_UNUSED_VARIABLE = YES;
				IPHONEOS_DEPLOYMENT_TARGET = 13.4;
				MTL_ENABLE_DEBUG_INFO = INCLUDE_SOURCE;
				MTL_FAST_MATH = YES;
				ONLY_ACTIVE_ARCH = YES;
				SDKROOT = iphoneos;
				SWIFT_ACTIVE_COMPILATION_CONDITIONS = DEBUG;
				SWIFT_OPTIMIZATION_LEVEL = "-Onone";
			};
			name = Debug;
		};
		4B351B992589FD85006FB383 /* Release */ = {
			isa = XCBuildConfiguration;
			buildSettings = {
				ALWAYS_SEARCH_USER_PATHS = NO;
				CLANG_ANALYZER_NONNULL = YES;
				CLANG_ANALYZER_NUMBER_OBJECT_CONVERSION = YES_AGGRESSIVE;
				CLANG_CXX_LANGUAGE_STANDARD = "gnu++14";
				CLANG_CXX_LIBRARY = "libc++";
				CLANG_ENABLE_MODULES = YES;
				CLANG_ENABLE_OBJC_ARC = YES;
				CLANG_ENABLE_OBJC_WEAK = YES;
				CLANG_WARN_BLOCK_CAPTURE_AUTORELEASING = YES;
				CLANG_WARN_BOOL_CONVERSION = YES;
				CLANG_WARN_COMMA = YES;
				CLANG_WARN_CONSTANT_CONVERSION = YES;
				CLANG_WARN_DEPRECATED_OBJC_IMPLEMENTATIONS = YES;
				CLANG_WARN_DIRECT_OBJC_ISA_USAGE = YES_ERROR;
				CLANG_WARN_DOCUMENTATION_COMMENTS = YES;
				CLANG_WARN_EMPTY_BODY = YES;
				CLANG_WARN_ENUM_CONVERSION = YES;
				CLANG_WARN_INFINITE_RECURSION = YES;
				CLANG_WARN_INT_CONVERSION = YES;
				CLANG_WARN_NON_LITERAL_NULL_CONVERSION = YES;
				CLANG_WARN_OBJC_IMPLICIT_RETAIN_SELF = YES;
				CLANG_WARN_OBJC_LITERAL_CONVERSION = YES;
				CLANG_WARN_OBJC_ROOT_CLASS = YES_ERROR;
				CLANG_WARN_RANGE_LOOP_ANALYSIS = YES;
				CLANG_WARN_STRICT_PROTOTYPES = YES;
				CLANG_WARN_SUSPICIOUS_MOVE = YES;
				CLANG_WARN_UNGUARDED_AVAILABILITY = YES_AGGRESSIVE;
				CLANG_WARN_UNREACHABLE_CODE = YES;
				CLANG_WARN__DUPLICATE_METHOD_MATCH = YES;
				COPY_PHASE_STRIP = NO;
				DEBUG_INFORMATION_FORMAT = "dwarf-with-dsym";
				ENABLE_NS_ASSERTIONS = NO;
				ENABLE_STRICT_OBJC_MSGSEND = YES;
				GCC_C_LANGUAGE_STANDARD = gnu11;
				GCC_NO_COMMON_BLOCKS = YES;
				GCC_WARN_64_TO_32_BIT_CONVERSION = YES;
				GCC_WARN_ABOUT_RETURN_TYPE = YES_ERROR;
				GCC_WARN_UNDECLARED_SELECTOR = YES;
				GCC_WARN_UNINITIALIZED_AUTOS = YES_AGGRESSIVE;
				GCC_WARN_UNUSED_FUNCTION = YES;
				GCC_WARN_UNUSED_VARIABLE = YES;
				IPHONEOS_DEPLOYMENT_TARGET = 13.4;
				MTL_ENABLE_DEBUG_INFO = NO;
				MTL_FAST_MATH = YES;
				SDKROOT = iphoneos;
				SWIFT_COMPILATION_MODE = wholemodule;
				SWIFT_OPTIMIZATION_LEVEL = "-O";
				VALIDATE_PRODUCT = YES;
			};
			name = Release;
		};
		4B351B9B2589FD85006FB383 /* Debug */ = {
			isa = XCBuildConfiguration;
			baseConfigurationReference = 398A64175CA95F2C053408C1 /* Pods-strokeCountApp.debug.xcconfig */;
			buildSettings = {
				ASSETCATALOG_COMPILER_APPICON_NAME = AppIcon;
				CODE_SIGN_STYLE = Automatic;
				DEVELOPMENT_TEAM = D57PM4G3MD;
				INFOPLIST_FILE = strokeCountApp/Info.plist;
				LD_RUNPATH_SEARCH_PATHS = (
					"$(inherited)",
					"@executable_path/Frameworks",
				);
				PRODUCT_BUNDLE_IDENTIFIER = com.nararyo.strokeCountApp;
				PRODUCT_NAME = "$(TARGET_NAME)";
				SWIFT_VERSION = 5.0;
				TARGETED_DEVICE_FAMILY = "1,2";
			};
			name = Debug;
		};
		4B351B9C2589FD85006FB383 /* Release */ = {
			isa = XCBuildConfiguration;
			baseConfigurationReference = 837B71D10404A02669B32004 /* Pods-strokeCountApp.release.xcconfig */;
			buildSettings = {
				ASSETCATALOG_COMPILER_APPICON_NAME = AppIcon;
				CODE_SIGN_STYLE = Automatic;
				DEVELOPMENT_TEAM = D57PM4G3MD;
				INFOPLIST_FILE = strokeCountApp/Info.plist;
				LD_RUNPATH_SEARCH_PATHS = (
					"$(inherited)",
					"@executable_path/Frameworks",
				);
				PRODUCT_BUNDLE_IDENTIFIER = com.nararyo.strokeCountApp;
				PRODUCT_NAME = "$(TARGET_NAME)";
				SWIFT_VERSION = 5.0;
				TARGETED_DEVICE_FAMILY = "1,2";
			};
			name = Release;
		};
/* End XCBuildConfiguration section */

/* Begin XCConfigurationList section */
		4B351B812589FD81006FB383 /* Build configuration list for PBXProject "strokeCountApp" */ = {
			isa = XCConfigurationList;
			buildConfigurations = (
				4B351B982589FD85006FB383 /* Debug */,
				4B351B992589FD85006FB383 /* Release */,
			);
			defaultConfigurationIsVisible = 0;
			defaultConfigurationName = Release;
		};
		4B351B9A2589FD85006FB383 /* Build configuration list for PBXNativeTarget "strokeCountApp" */ = {
			isa = XCConfigurationList;
			buildConfigurations = (
				4B351B9B2589FD85006FB383 /* Debug */,
				4B351B9C2589FD85006FB383 /* Release */,
			);
			defaultConfigurationIsVisible = 0;
			defaultConfigurationName = Release;
		};
/* End XCConfigurationList section */
	};
	rootObject = 4B351B7E2589FD81006FB383 /* Project object */;
}
